// !$*UTF8*$!
{
	archiveVersion = 1;
	classes = {
	};
	objectVersion = 50;
	objects = {

/* Begin PBXBuildFile section */
		067F12B222426779007A671D /* AppDelegate.swift in Sources */ = {isa = PBXBuildFile; fileRef = 067F12B122426779007A671D /* AppDelegate.swift */; };
		067F12B422426779007A671D /* ViewController.swift in Sources */ = {isa = PBXBuildFile; fileRef = 067F12B322426779007A671D /* ViewController.swift */; };
		067F12B722426779007A671D /* Main.storyboard in Resources */ = {isa = PBXBuildFile; fileRef = 067F12B522426779007A671D /* Main.storyboard */; };
		067F12BC2242677A007A671D /* LaunchScreen.storyboard in Resources */ = {isa = PBXBuildFile; fileRef = 067F12BA2242677A007A671D /* LaunchScreen.storyboard */; };
		067F12C52242735C007A671D /* SpriteKit.framework in Frameworks */ = {isa = PBXBuildFile; fileRef = 067F12C42242735C007A671D /* SpriteKit.framework */; };
		067F12C72242745B007A671D /* GameScene.swift in Sources */ = {isa = PBXBuildFile; fileRef = 067F12C62242745B007A671D /* GameScene.swift */; };
		06F83AB5224516AD0066E632 /* Assets.xcassets in Resources */ = {isa = PBXBuildFile; fileRef = 06F83AB4224516AD0066E632 /* Assets.xcassets */; };
/* End PBXBuildFile section */

/* Begin PBXFileReference section */
		067F12AE22426779007A671D /* ios-HelpNagoyaSpecialty.app */ = {isa = PBXFileReference; explicitFileType = wrapper.application; includeInIndex = 0; path = "ios-HelpNagoyaSpecialty.app"; sourceTree = BUILT_PRODUCTS_DIR; };
		067F12B122426779007A671D /* AppDelegate.swift */ = {isa = PBXFileReference; lastKnownFileType = sourcecode.swift; path = AppDelegate.swift; sourceTree = "<group>"; };
		067F12B322426779007A671D /* ViewController.swift */ = {isa = PBXFileReference; lastKnownFileType = sourcecode.swift; path = ViewController.swift; sourceTree = "<group>"; };
		067F12B622426779007A671D /* Base */ = {isa = PBXFileReference; lastKnownFileType = file.storyboard; name = Base; path = Base.lproj/Main.storyboard; sourceTree = "<group>"; };
		067F12BB2242677A007A671D /* Base */ = {isa = PBXFileReference; lastKnownFileType = file.storyboard; name = Base; path = Base.lproj/LaunchScreen.storyboard; sourceTree = "<group>"; };
		067F12BD2242677A007A671D /* Info.plist */ = {isa = PBXFileReference; lastKnownFileType = text.plist.xml; path = Info.plist; sourceTree = "<group>"; };
		067F12C42242735C007A671D /* SpriteKit.framework */ = {isa = PBXFileReference; lastKnownFileType = wrapper.framework; name = SpriteKit.framework; path = System/Library/Frameworks/SpriteKit.framework; sourceTree = SDKROOT; };
		067F12C62242745B007A671D /* GameScene.swift */ = {isa = PBXFileReference; lastKnownFileType = sourcecode.swift; path = GameScene.swift; sourceTree = "<group>"; };
		06F83AB4224516AD0066E632 /* Assets.xcassets */ = {isa = PBXFileReference; lastKnownFileType = folder.assetcatalog; path = Assets.xcassets; sourceTree = "<group>"; };
/* End PBXFileReference section */

/* Begin PBXFrameworksBuildPhase section */
		067F12AB22426779007A671D /* Frameworks */ = {
			isa = PBXFrameworksBuildPhase;
			buildActionMask = 2147483647;
			files = (
				067F12C52242735C007A671D /* SpriteKit.framework in Frameworks */,
			);
			runOnlyForDeploymentPostprocessing = 0;
		};
/* End PBXFrameworksBuildPhase section */

/* Begin PBXGroup section */
		067F12A522426779007A671D = {
			isa = PBXGroup;
			children = (
				067F12B022426779007A671D /* ios-HelpNagoyaSpecialty */,
				067F12AF22426779007A671D /* Products */,
				067F12C32242735C007A671D /* Frameworks */,
			);
			sourceTree = "<group>";
		};
		067F12AF22426779007A671D /* Products */ = {
			isa = PBXGroup;
			children = (
				067F12AE22426779007A671D /* ios-HelpNagoyaSpecialty.app */,
			);
			name = Products;
			sourceTree = "<group>";
		};
		067F12B022426779007A671D /* ios-HelpNagoyaSpecialty */ = {
			isa = PBXGroup;
			children = (
				06F83AB4224516AD0066E632 /* Assets.xcassets */,
				067F12B122426779007A671D /* AppDelegate.swift */,
				067F12B322426779007A671D /* ViewController.swift */,
				067F12B522426779007A671D /* Main.storyboard */,
				067F12C62242745B007A671D /* GameScene.swift */,
				067F12BA2242677A007A671D /* LaunchScreen.storyboard */,
				067F12BD2242677A007A671D /* Info.plist */,
			);
			path = "ios-HelpNagoyaSpecialty";
			sourceTree = "<group>";
		};
		067F12C32242735C007A671D /* Frameworks */ = {
			isa = PBXGroup;
			children = (
				067F12C42242735C007A671D /* SpriteKit.framework */,
			);
			name = Frameworks;
			sourceTree = "<group>";
		};
/* End PBXGroup section */

/* Begin PBXNativeTarget section */
		067F12AD22426779007A671D /* ios-HelpNagoyaSpecialty */ = {
			isa = PBXNativeTarget;
			buildConfigurationList = 067F12C02242677A007A671D /* Build configuration list for PBXNativeTarget "ios-HelpNagoyaSpecialty" */;
			buildPhases = (
				067F12AA22426779007A671D /* Sources */,
				067F12AB22426779007A671D /* Frameworks */,
				067F12AC22426779007A671D /* Resources */,
			);
			buildRules = (
			);
			dependencies = (
			);
			name = "ios-HelpNagoyaSpecialty";
			productName = "ios-HelpNagoyaSpecialty";
			productReference = 067F12AE22426779007A671D /* ios-HelpNagoyaSpecialty.app */;
			productType = "com.apple.product-type.application";
		};
/* End PBXNativeTarget section */

/* Begin PBXProject section */
		067F12A622426779007A671D /* Project object */ = {
			isa = PBXProject;
			attributes = {
				LastSwiftUpdateCheck = 1010;
				LastUpgradeCheck = 1010;
				ORGANIZATIONNAME = "Masahiro Atsumi";
				TargetAttributes = {
					067F12AD22426779007A671D = {
						CreatedOnToolsVersion = 10.1;
					};
				};
			};
			buildConfigurationList = 067F12A922426779007A671D /* Build configuration list for PBXProject "ios-HelpNagoyaSpecialty" */;
			compatibilityVersion = "Xcode 9.3";
			developmentRegion = en;
			hasScannedForEncodings = 0;
			knownRegions = (
				en,
				Base,
			);
			mainGroup = 067F12A522426779007A671D;
			productRefGroup = 067F12AF22426779007A671D /* Products */;
			projectDirPath = "";
			projectRoot = "";
			targets = (
				067F12AD22426779007A671D /* ios-HelpNagoyaSpecialty */,
			);
		};
/* End PBXProject section */

/* Begin PBXResourcesBuildPhase section */
		067F12AC22426779007A671D /* Resources */ = {
			isa = PBXResourcesBuildPhase;
			buildActionMask = 2147483647;
			files = (
				067F12BC2242677A007A671D /* LaunchScreen.storyboard in Resources */,
				06F83AB5224516AD0066E632 /* Assets.xcassets in Resources */,
				067F12B722426779007A671D /* Main.storyboard in Resources */,
			);
			runOnlyForDeploymentPostprocessing = 0;
		};
/* End PBXResourcesBuildPhase section */

/* Begin PBXSourcesBuildPhase section */
		067F12AA22426779007A671D /* Sources */ = {
			isa = PBXSourcesBuildPhase;
			buildActionMask = 2147483647;
			files = (
				067F12C72242745B007A671D /* GameScene.swift in Sources */,
				067F12B422426779007A671D /* ViewController.swift in Sources */,
				067F12B222426779007A671D /* AppDelegate.swift in Sources */,
			);
			runOnlyForDeploymentPostprocessing = 0;
		};
/* End PBXSourcesBuildPhase section */

/* Begin PBXVariantGroup section */
		067F12B522426779007A671D /* Main.storyboard */ = {
			isa = PBXVariantGroup;
			children = (
				067F12B622426779007A671D /* Base */,
			);
			name = Main.storyboard;
			sourceTree = "<group>";
		};
		067F12BA2242677A007A671D /* LaunchScreen.storyboard */ = {
			isa = PBXVariantGroup;
			children = (
				067F12BB2242677A007A671D /* Base */,
			);
			name = LaunchScreen.storyboard;
			sourceTree = "<group>";
		};
/* End PBXVariantGroup section */

/* Begin XCBuildConfiguration section */
		067F12BE2242677A007A671D /* Debug */ = {
			isa = XCBuildConfiguration;
			buildSettings = {
				ALWAYS_SEARCH_USER_PATHS = NO;
				CLANG_ANALYZER_NONNULL = YES;
				CLANG_ANALYZER_NUMBER_OBJECT_CONVERSION = YES_AGGRESSIVE;
				CLANG_CXX_LANGUAGE_STANDARD = "gnu++14";
				CLANG_CXX_LIBRARY = "libc++";
				CLANG_ENABLE_MODULES = YES;
				CLANG_ENABLE_OBJC_ARC = YES;
				CLANG_ENABLE_OBJC_WEAK = YES;
				CLANG_WARN_BLOCK_CAPTURE_AUTORELEASING = YES;
				CLANG_WARN_BOOL_CONVERSION = YES;
				CLANG_WARN_COMMA = YES;
				CLANG_WARN_CONSTANT_CONVERSION = YES;
				CLANG_WARN_DEPRECATED_OBJC_IMPLEMENTATIONS = YES;
				CLANG_WARN_DIRECT_OBJC_ISA_USAGE = YES_ERROR;
				CLANG_WARN_DOCUMENTATION_COMMENTS = YES;
				CLANG_WARN_EMPTY_BODY = YES;
				CLANG_WARN_ENUM_CONVERSION = YES;
				CLANG_WARN_INFINITE_RECURSION = YES;
				CLANG_WARN_INT_CONVERSION = YES;
				CLANG_WARN_NON_LITERAL_NULL_CONVERSION = YES;
				CLANG_WARN_OBJC_IMPLICIT_RETAIN_SELF = YES;
				CLANG_WARN_OBJC_LITERAL_CONVERSION = YES;
				CLANG_WARN_OBJC_ROOT_CLASS = YES_ERROR;
				CLANG_WARN_RANGE_LOOP_ANALYSIS = YES;
				CLANG_WARN_STRICT_PROTOTYPES = YES;
				CLANG_WARN_SUSPICIOUS_MOVE = YES;
				CLANG_WARN_UNGUARDED_AVAILABILITY = YES_AGGRESSIVE;
				CLANG_WARN_UNREACHABLE_CODE = YES;
				CLANG_WARN__DUPLICATE_METHOD_MATCH = YES;
				CODE_SIGN_IDENTITY = "iPhone Developer";
				COPY_PHASE_STRIP = NO;
				DEBUG_INFORMATION_FORMAT = dwarf;
				ENABLE_STRICT_OBJC_MSGSEND = YES;
				ENABLE_TESTABILITY = YES;
				GCC_C_LANGUAGE_STANDARD = gnu11;
				GCC_DYNAMIC_NO_PIC = NO;
				GCC_NO_COMMON_BLOCKS = YES;
				GCC_OPTIMIZATION_LEVEL = 0;
				GCC_PREPROCESSOR_DEFINITIONS = (
					"DEBUG=1",
					"$(inherited)",
				);
				GCC_WARN_64_TO_32_BIT_CONVERSION = YES;
				GCC_WARN_ABOUT_RETURN_TYPE = YES_ERROR;
				GCC_WARN_UNDECLARED_SELECTOR = YES;
				GCC_WARN_UNINITIALIZED_AUTOS = YES_AGGRESSIVE;
				GCC_WARN_UNUSED_FUNCTION = YES;
				GCC_WARN_UNUSED_VARIABLE = YES;
				IPHONEOS_DEPLOYMENT_TARGET = 12.1;
				MTL_ENABLE_DEBUG_INFO = INCLUDE_SOURCE;
				MTL_FAST_MATH = YES;
				ONLY_ACTIVE_ARCH = YES;
				SDKROOT = iphoneos;
				SWIFT_ACTIVE_COMPILATION_CONDITIONS = DEBUG;
				SWIFT_OPTIMIZATION_LEVEL = "-Onone";
			};
			name = Debug;
		};
		067F12BF2242677A007A671D /* Release */ = {
			isa = XCBuildConfiguration;
			buildSettings = {
				ALWAYS_SEARCH_USER_PATHS = NO;
				CLANG_ANALYZER_NONNULL = YES;
				CLANG_ANALYZER_NUMBER_OBJECT_CONVERSION = YES_AGGRESSIVE;
				CLANG_CXX_LANGUAGE_STANDARD = "gnu++14";
				CLANG_CXX_LIBRARY = "libc++";
				CLANG_ENABLE_MODULES = YES;
				CLANG_ENABLE_OBJC_ARC = YES;
				CLANG_ENABLE_OBJC_WEAK = YES;
				CLANG_WARN_BLOCK_CAPTURE_AUTORELEASING = YES;
				CLANG_WARN_BOOL_CONVERSION = YES;
				CLANG_WARN_COMMA = YES;
				CLANG_WARN_CONSTANT_CONVERSION = YES;
				CLANG_WARN_DEPRECATED_OBJC_IMPLEMENTATIONS = YES;
				CLANG_WARN_DIRECT_OBJC_ISA_USAGE = YES_ERROR;
				CLANG_WARN_DOCUMENTATION_COMMENTS = YES;
				CLANG_WARN_EMPTY_BODY = YES;
				CLANG_WARN_ENUM_CONVERSION = YES;
				CLANG_WARN_INFINITE_RECURSION = YES;
				CLANG_WARN_INT_CONVERSION = YES;
				CLANG_WARN_NON_LITERAL_NULL_CONVERSION = YES;
				CLANG_WARN_OBJC_IMPLICIT_RETAIN_SELF = YES;
				CLANG_WARN_OBJC_LITERAL_CONVERSION = YES;
				CLANG_WARN_OBJC_ROOT_CLASS = YES_ERROR;
				CLANG_WARN_RANGE_LOOP_ANALYSIS = YES;
				CLANG_WARN_STRICT_PROTOTYPES = YES;
				CLANG_WARN_SUSPICIOUS_MOVE = YES;
				CLANG_WARN_UNGUARDED_AVAILABILITY = YES_AGGRESSIVE;
				CLANG_WARN_UNREACHABLE_CODE = YES;
				CLANG_WARN__DUPLICATE_METHOD_MATCH = YES;
				CODE_SIGN_IDENTITY = "iPhone Developer";
				COPY_PHASE_STRIP = NO;
				DEBUG_INFORMATION_FORMAT = "dwarf-with-dsym";
				ENABLE_NS_ASSERTIONS = NO;
				ENABLE_STRICT_OBJC_MSGSEND = YES;
				GCC_C_LANGUAGE_STANDARD = gnu11;
				GCC_NO_COMMON_BLOCKS = YES;
				GCC_WARN_64_TO_32_BIT_CONVERSION = YES;
				GCC_WARN_ABOUT_RETURN_TYPE = YES_ERROR;
				GCC_WARN_UNDECLARED_SELECTOR = YES;
				GCC_WARN_UNINITIALIZED_AUTOS = YES_AGGRESSIVE;
				GCC_WARN_UNUSED_FUNCTION = YES;
				GCC_WARN_UNUSED_VARIABLE = YES;
				IPHONEOS_DEPLOYMENT_TARGET = 12.1;
				MTL_ENABLE_DEBUG_INFO = NO;
				MTL_FAST_MATH = YES;
				SDKROOT = iphoneos;
				SWIFT_COMPILATION_MODE = wholemodule;
				SWIFT_OPTIMIZATION_LEVEL = "-O";
				VALIDATE_PRODUCT = YES;
			};
			name = Release;
		};
		067F12C12242677A007A671D /* Debug */ = {
			isa = XCBuildConfiguration;
			buildSettings = {
				ASSETCATALOG_COMPILER_APPICON_NAME = AppIcon;
				CODE_SIGN_STYLE = Automatic;
				DEVELOPMENT_TEAM = 9M27SHLK7P;
				INFOPLIST_FILE = "ios-HelpNagoyaSpecialty/Info.plist";
				IPHONEOS_DEPLOYMENT_TARGET = 9.0;
				LD_RUNPATH_SEARCH_PATHS = (
					"$(inherited)",
					"@executable_path/Frameworks",
				);
				PRODUCT_BUNDLE_IDENTIFIER = "com.example.ios-HelpNagoyaSpecialty";
				PRODUCT_NAME = "$(TARGET_NAME)";
				SWIFT_VERSION = 4.2;
				TARGETED_DEVICE_FAMILY = "1,2";
			};
			name = Debug;
		};
		067F12C22242677A007A671D /* Release */ = {
			isa = XCBuildConfiguration;
			buildSettings = {
				ASSETCATALOG_COMPILER_APPICON_NAME = AppIcon;
				CODE_SIGN_STYLE = Automatic;
				DEVELOPMENT_TEAM = 9M27SHLK7P;
				INFOPLIST_FILE = "ios-HelpNagoyaSpecialty/Info.plist";
				IPHONEOS_DEPLOYMENT_TARGET = 9.0;
				LD_RUNPATH_SEARCH_PATHS = (
					"$(inherited)",
					"@executable_path/Frameworks",
				);
				PRODUCT_BUNDLE_IDENTIFIER = "com.example.ios-HelpNagoyaSpecialty";
				PRODUCT_NAME = "$(TARGET_NAME)";
				SWIFT_VERSION = 4.2;
				TARGETED_DEVICE_FAMILY = "1,2";
			};
			name = Release;
		};
/* End XCBuildConfiguration section */

/* Begin XCConfigurationList section */
		067F12A922426779007A671D /* Build configuration list for PBXProject "ios-HelpNagoyaSpecialty" */ = {
			isa = XCConfigurationList;
			buildConfigurations = (
				067F12BE2242677A007A671D /* Debug */,
				067F12BF2242677A007A671D /* Release */,
			);
			defaultConfigurationIsVisible = 0;
			defaultConfigurationName = Release;
		};
		067F12C02242677A007A671D /* Build configuration list for PBXNativeTarget "ios-HelpNagoyaSpecialty" */ = {
			isa = XCConfigurationList;
			buildConfigurations = (
				067F12C12242677A007A671D /* Debug */,
				067F12C22242677A007A671D /* Release */,
			);
			defaultConfigurationIsVisible = 0;
			defaultConfigurationName = Release;
		};
/* End XCConfigurationList section */
	};
	rootObject = 067F12A622426779007A671D /* Project object */;
}
